
Microsoft Visual Studio Solution File, Format Version 12.00
# Visual Studio 2012
Project("{FAE04EC0-301F-11D3-BF4B-00C04F79EFBC}") = "PortForwardServer", "PortForwardServer\PortForwardServer.csproj", "{009436AF-30AF-4B1E-9830-823DD02A59BE}"
EndProject
Global
	GlobalSection(SolutionConfigurationPlatforms) = preSolution
		Debug|Any CPU = Debug|Any CPU
		Release|Any CPU = Release|Any CPU
	EndGlobalSection
	GlobalSection(ProjectConfigurationPlatforms) = postSolution
		{009436AF-30AF-4B1E-9830-823DD02A59BE}.Debug|Any CPU.ActiveCfg = Debug|Any CPU
		{009436AF-30AF-4B1E-9830-823DD02A59BE}.Debug|Any CPU.Build.0 = Debug|Any CPU
		{009436AF-30AF-4B1E-9830-823DD02A59BE}.Release|Any CPU.ActiveCfg = Release|Any CPU
		{009436AF-30AF-4B1E-9830-823DD02A59BE}.Release|Any CPU.Build.0 = Release|Any CPU
	EndGlobalSection
	GlobalSection(MonoDevelopProperties) = preSolution
		StartupItem = PortForwardServer\PortForwardServer.csproj
	EndGlobalSection
EndGlobal
